
Microsoft Visual Studio Solution File, Format Version 12.00
# Visual Studio Version 16
VisualStudioVersion = 16.0.29020.237
MinimumVisualStudioVersion = 10.0.40219.1
Project("{FAE04EC0-301F-11D3-BF4B-00C04F79EFBC}") = "SpreadsheetProcessor", "SpreadsheetProcessor\SpreadsheetProcessor.csproj", "{F96DF4BB-930F-454E-BAB3-AE3663F730F3}"
EndProject
Global
	GlobalSection(SolutionConfigurationPlatforms) = preSolution
		Debug|Any CPU = Debug|Any CPU
		Release|Any CPU = Release|Any CPU
	EndGlobalSection
	GlobalSection(ProjectConfigurationPlatforms) = postSolution
		{F96DF4BB-930F-454E-BAB3-AE3663F730F3}.Debug|Any CPU.ActiveCfg = Debug|Any CPU
		{F96DF4BB-930F-454E-BAB3-AE3663F730F3}.Debug|Any CPU.Build.0 = Debug|Any CPU
		{F96DF4BB-930F-454E-BAB3-AE3663F730F3}.Release|Any CPU.ActiveCfg = Release|Any CPU
		{F96DF4BB-930F-454E-BAB3-AE3663F730F3}.Release|Any CPU.Build.0 = Release|Any CPU
	EndGlobalSection
	GlobalSection(SolutionProperties) = preSolution
		HideSolutionNode = FALSE
	EndGlobalSection
	GlobalSection(ExtensibilityGlobals) = postSolution
		SolutionGuid = {B40C8174-BD83-47C8-997E-90E3E0F8EDEE}
	EndGlobalSection
EndGlobal
